
Microsoft Visual Studio Solution File, Format Version 12.00
# Visual Studio Version 17
VisualStudioVersion = 17.14.36310.24
MinimumVisualStudioVersion = 10.0.40219.1
Project("{FAE04EC0-301F-11D3-BF4B-00C04F79EFBC}") = "arcade_v2", "arcade_v2\arcade_v2.csproj", "{F4A31897-380D-41C5-B397-76EC578F9263}"
EndProject
Project("{FAE04EC0-301F-11D3-BF4B-00C04F79EFBC}") = "arcade_v2.Client", "arcade_v2.Client\arcade_v2.Client.csproj", "{FDB2402F-C647-4E25-B69A-4BFFF80E3956}"
EndProject
Global
	GlobalSection(SolutionConfigurationPlatforms) = preSolution
		Debug|Any CPU = Debug|Any CPU
		Release|Any CPU = Release|Any CPU
	EndGlobalSection
	GlobalSection(ProjectConfigurationPlatforms) = postSolution
		{F4A31897-380D-41C5-B397-76EC578F9263}.Debug|Any CPU.ActiveCfg = Debug|Any CPU
		{F4A31897-380D-41C5-B397-76EC578F9263}.Debug|Any CPU.Build.0 = Debug|Any CPU
		{F4A31897-380D-41C5-B397-76EC578F9263}.Release|Any CPU.ActiveCfg = Release|Any CPU
		{F4A31897-380D-41C5-B397-76EC578F9263}.Release|Any CPU.Build.0 = Release|Any CPU
		{FDB2402F-C647-4E25-B69A-4BFFF80E3956}.Debug|Any CPU.ActiveCfg = Debug|Any CPU
		{FDB2402F-C647-4E25-B69A-4BFFF80E3956}.Debug|Any CPU.Build.0 = Debug|Any CPU
		{FDB2402F-C647-4E25-B69A-4BFFF80E3956}.Release|Any CPU.ActiveCfg = Release|Any CPU
		{FDB2402F-C647-4E25-B69A-4BFFF80E3956}.Release|Any CPU.Build.0 = Release|Any CPU
	EndGlobalSection
	GlobalSection(SolutionProperties) = preSolution
		HideSolutionNode = FALSE
	EndGlobalSection
	GlobalSection(ExtensibilityGlobals) = postSolution
		SolutionGuid = {A51A9619-E692-492F-80B4-475DE77B721D}
	EndGlobalSection
EndGlobal
