
Microsoft Visual Studio Solution File, Format Version 12.00
# Visual Studio Version 17
VisualStudioVersion = 17.2.32616.157
MinimumVisualStudioVersion = 10.0.40219.1
Project("{FAE04EC0-301F-11D3-BF4B-00C04F79EFBC}") = "blazorSnake.Server", "blazorSnake\Server\blazorSnake.Server.csproj", "{6240FD37-2816-40A6-BFC7-CCDCDFB85A71}"
EndProject
Project("{FAE04EC0-301F-11D3-BF4B-00C04F79EFBC}") = "blazorSnake.Client", "blazorSnake\Client\blazorSnake.Client.csproj", "{4422C414-A2B3-435A-833C-E08BAD1AACE3}"
EndProject
Project("{FAE04EC0-301F-11D3-BF4B-00C04F79EFBC}") = "blazorSnake.Shared", "blazorSnake\Shared\blazorSnake.Shared.csproj", "{B1AAD203-9A9B-430E-B4B2-0319C9891ACC}"
EndProject
Global
	GlobalSection(SolutionConfigurationPlatforms) = preSolution
		Debug|Any CPU = Debug|Any CPU
		Release|Any CPU = Release|Any CPU
	EndGlobalSection
	GlobalSection(ProjectConfigurationPlatforms) = postSolution
		{6240FD37-2816-40A6-BFC7-CCDCDFB85A71}.Debug|Any CPU.ActiveCfg = Debug|Any CPU
		{6240FD37-2816-40A6-BFC7-CCDCDFB85A71}.Debug|Any CPU.Build.0 = Debug|Any CPU
		{6240FD37-2816-40A6-BFC7-CCDCDFB85A71}.Release|Any CPU.ActiveCfg = Release|Any CPU
		{6240FD37-2816-40A6-BFC7-CCDCDFB85A71}.Release|Any CPU.Build.0 = Release|Any CPU
		{4422C414-A2B3-435A-833C-E08BAD1AACE3}.Debug|Any CPU.ActiveCfg = Debug|Any CPU
		{4422C414-A2B3-435A-833C-E08BAD1AACE3}.Debug|Any CPU.Build.0 = Debug|Any CPU
		{4422C414-A2B3-435A-833C-E08BAD1AACE3}.Release|Any CPU.ActiveCfg = Release|Any CPU
		{4422C414-A2B3-435A-833C-E08BAD1AACE3}.Release|Any CPU.Build.0 = Release|Any CPU
		{B1AAD203-9A9B-430E-B4B2-0319C9891ACC}.Debug|Any CPU.ActiveCfg = Debug|Any CPU
		{B1AAD203-9A9B-430E-B4B2-0319C9891ACC}.Debug|Any CPU.Build.0 = Debug|Any CPU
		{B1AAD203-9A9B-430E-B4B2-0319C9891ACC}.Release|Any CPU.ActiveCfg = Release|Any CPU
		{B1AAD203-9A9B-430E-B4B2-0319C9891ACC}.Release|Any CPU.Build.0 = Release|Any CPU
	EndGlobalSection
	GlobalSection(SolutionProperties) = preSolution
		HideSolutionNode = FALSE
	EndGlobalSection
	GlobalSection(ExtensibilityGlobals) = postSolution
		SolutionGuid = {CA5F1A3E-F8DD-4E43-9EB0-E2BAE2A81372}
	EndGlobalSection
EndGlobal
