
Microsoft Visual Studio Solution File, Format Version 12.00
# Visual Studio Version 17
VisualStudioVersion = 17.2.32616.157
MinimumVisualStudioVersion = 10.0.40219.1
Project("{9A19103F-16F7-4668-BE54-9A1E7A4F7556}") = "gamesPlatform.Server", "gamesPlatform\Server\gamesPlatform.Server.csproj", "{6240FD37-2816-40A6-BFC7-CCDCDFB85A71}"
EndProject
Project("{9A19103F-16F7-4668-BE54-9A1E7A4F7556}") = "gamesPlatform.Client", "gamesPlatform\Client\gamesPlatform.Client.csproj", "{4422C414-A2B3-435A-833C-E08BAD1AACE3}"
EndProject
Project("{9A19103F-16F7-4668-BE54-9A1E7A4F7556}") = "gamesPlatform.Shared", "gamesPlatform\Shared\gamesPlatform.Shared.csproj", "{B1AAD203-9A9B-430E-B4B2-0319C9891ACC}"
EndProject
Project("{E53339B2-1760-4266-BCC7-CA923CBCF16C}") = "docker-compose", "docker-compose.dcproj", "{2552B116-FB1F-4475-95CB-8A432BDEE7E1}"
EndProject
Global
	GlobalSection(SolutionConfigurationPlatforms) = preSolution
		Debug|Any CPU = Debug|Any CPU
		Release|Any CPU = Release|Any CPU
	EndGlobalSection
	GlobalSection(ProjectConfigurationPlatforms) = postSolution
		{6240FD37-2816-40A6-BFC7-CCDCDFB85A71}.Debug|Any CPU.ActiveCfg = Debug|Any CPU
		{6240FD37-2816-40A6-BFC7-CCDCDFB85A71}.Debug|Any CPU.Build.0 = Debug|Any CPU
		{6240FD37-2816-40A6-BFC7-CCDCDFB85A71}.Release|Any CPU.ActiveCfg = Release|Any CPU
		{6240FD37-2816-40A6-BFC7-CCDCDFB85A71}.Release|Any CPU.Build.0 = Release|Any CPU
		{4422C414-A2B3-435A-833C-E08BAD1AACE3}.Debug|Any CPU.ActiveCfg = Debug|Any CPU
		{4422C414-A2B3-435A-833C-E08BAD1AACE3}.Debug|Any CPU.Build.0 = Debug|Any CPU
		{4422C414-A2B3-435A-833C-E08BAD1AACE3}.Release|Any CPU.ActiveCfg = Release|Any CPU
		{4422C414-A2B3-435A-833C-E08BAD1AACE3}.Release|Any CPU.Build.0 = Release|Any CPU
		{B1AAD203-9A9B-430E-B4B2-0319C9891ACC}.Debug|Any CPU.ActiveCfg = Debug|Any CPU
		{B1AAD203-9A9B-430E-B4B2-0319C9891ACC}.Debug|Any CPU.Build.0 = Debug|Any CPU
		{B1AAD203-9A9B-430E-B4B2-0319C9891ACC}.Release|Any CPU.ActiveCfg = Release|Any CPU
		{B1AAD203-9A9B-430E-B4B2-0319C9891ACC}.Release|Any CPU.Build.0 = Release|Any CPU
		{2552B116-FB1F-4475-95CB-8A432BDEE7E1}.Debug|Any CPU.ActiveCfg = Debug|Any CPU
		{2552B116-FB1F-4475-95CB-8A432BDEE7E1}.Debug|Any CPU.Build.0 = Debug|Any CPU
		{2552B116-FB1F-4475-95CB-8A432BDEE7E1}.Release|Any CPU.ActiveCfg = Release|Any CPU
		{2552B116-FB1F-4475-95CB-8A432BDEE7E1}.Release|Any CPU.Build.0 = Release|Any CPU
	EndGlobalSection
	GlobalSection(SolutionProperties) = preSolution
		HideSolutionNode = FALSE
	EndGlobalSection
	GlobalSection(ExtensibilityGlobals) = postSolution
		SolutionGuid = {CA5F1A3E-F8DD-4E43-9EB0-E2BAE2A81372}
	EndGlobalSection
EndGlobal
